
Microsoft Visual Studio Solution File, Format Version 12.00
# Visual Studio Version 17
VisualStudioVersion = 17.9.34728.123
MinimumVisualStudioVersion = 10.0.40219.1
Project("{9A19103F-16F7-4668-BE54-9A1E7A4F7556}") = "NETCoreMVCProject", "NETCoreMVCProject.csproj", "{FB529E3D-0F04-4FD9-9E12-A2C4B031DABF}"
EndProject
Global
	GlobalSection(SolutionConfigurationPlatforms) = preSolution
		Debug|Any CPU = Debug|Any CPU
		Release|Any CPU = Release|Any CPU
	EndGlobalSection
	GlobalSection(ProjectConfigurationPlatforms) = postSolution
		{FB529E3D-0F04-4FD9-9E12-A2C4B031DABF}.Debug|Any CPU.ActiveCfg = Debug|Any CPU
		{FB529E3D-0F04-4FD9-9E12-A2C4B031DABF}.Debug|Any CPU.Build.0 = Debug|Any CPU
		{FB529E3D-0F04-4FD9-9E12-A2C4B031DABF}.Release|Any CPU.ActiveCfg = Release|Any CPU
		{FB529E3D-0F04-4FD9-9E12-A2C4B031DABF}.Release|Any CPU.Build.0 = Release|Any CPU
	EndGlobalSection
	GlobalSection(SolutionProperties) = preSolution
		HideSolutionNode = FALSE
	EndGlobalSection
	GlobalSection(ExtensibilityGlobals) = postSolution
		SolutionGuid = {6B73820A-D53E-4F12-85AA-2D275362F4FE}
	EndGlobalSection
EndGlobal
